
Microsoft Visual Studio Solution File, Format Version 12.00
# Visual Studio Version 16
VisualStudioVersion = 16.0.30320.27
MinimumVisualStudioVersion = 10.0.40219.1
Project("{8BC9CEB8-8B4A-11D0-8D11-00A0C91BC942}") = "trystl", "trystl.vcxproj", "{25E5672F-9675-41CF-B511-4D7972C9A569}"
EndProject
Global
	GlobalSection(SolutionConfigurationPlatforms) = preSolution
		Debug|x64 = Debug|x64
		Debug|x86 = Debug|x86
		Release|x64 = Release|x64
		Release|x86 = Release|x86
	EndGlobalSection
	GlobalSection(ProjectConfigurationPlatforms) = postSolution
		{25E5672F-9675-41CF-B511-4D7972C9A569}.Debug|x64.ActiveCfg = Debug|x64
		{25E5672F-9675-41CF-B511-4D7972C9A569}.Debug|x64.Build.0 = Debug|x64
		{25E5672F-9675-41CF-B511-4D7972C9A569}.Debug|x86.ActiveCfg = Debug|Win32
		{25E5672F-9675-41CF-B511-4D7972C9A569}.Debug|x86.Build.0 = Debug|Win32
		{25E5672F-9675-41CF-B511-4D7972C9A569}.Release|x64.ActiveCfg = Release|x64
		{25E5672F-9675-41CF-B511-4D7972C9A569}.Release|x64.Build.0 = Release|x64
		{25E5672F-9675-41CF-B511-4D7972C9A569}.Release|x86.ActiveCfg = Release|Win32
		{25E5672F-9675-41CF-B511-4D7972C9A569}.Release|x86.Build.0 = Release|Win32
	EndGlobalSection
	GlobalSection(SolutionProperties) = preSolution
		HideSolutionNode = FALSE
	EndGlobalSection
	GlobalSection(ExtensibilityGlobals) = postSolution
		SolutionGuid = {670DEDAE-76BE-4CD1-92FA-6CEF676256C0}
	EndGlobalSection
EndGlobal
