
Microsoft Visual Studio Solution File, Format Version 12.00
# Visual Studio Version 16
VisualStudioVersion = 16.0.30320.27
MinimumVisualStudioVersion = 10.0.40219.1
Project("{8BC9CEB8-8B4A-11D0-8D11-00A0C91BC942}") = "operator", "operator.vcxproj", "{B93C1555-E791-40A0-AC5E-91CBBC9C6913}"
EndProject
Global
	GlobalSection(SolutionConfigurationPlatforms) = preSolution
		Debug|x64 = Debug|x64
		Debug|x86 = Debug|x86
		Release|x64 = Release|x64
		Release|x86 = Release|x86
	EndGlobalSection
	GlobalSection(ProjectConfigurationPlatforms) = postSolution
		{B93C1555-E791-40A0-AC5E-91CBBC9C6913}.Debug|x64.ActiveCfg = Debug|x64
		{B93C1555-E791-40A0-AC5E-91CBBC9C6913}.Debug|x64.Build.0 = Debug|x64
		{B93C1555-E791-40A0-AC5E-91CBBC9C6913}.Debug|x86.ActiveCfg = Debug|Win32
		{B93C1555-E791-40A0-AC5E-91CBBC9C6913}.Debug|x86.Build.0 = Debug|Win32
		{B93C1555-E791-40A0-AC5E-91CBBC9C6913}.Release|x64.ActiveCfg = Release|x64
		{B93C1555-E791-40A0-AC5E-91CBBC9C6913}.Release|x64.Build.0 = Release|x64
		{B93C1555-E791-40A0-AC5E-91CBBC9C6913}.Release|x86.ActiveCfg = Release|Win32
		{B93C1555-E791-40A0-AC5E-91CBBC9C6913}.Release|x86.Build.0 = Release|Win32
	EndGlobalSection
	GlobalSection(SolutionProperties) = preSolution
		HideSolutionNode = FALSE
	EndGlobalSection
	GlobalSection(ExtensibilityGlobals) = postSolution
		SolutionGuid = {612DEDC4-787D-4BB6-9730-4E61C57EB500}
	EndGlobalSection
EndGlobal
